// !$*UTF8*$!
{
	archiveVersion = 1;
	classes = {
	};
	objectVersion = 50;
	objects = {

/* Begin PBXBuildFile section */
		8E0D6E77233FAE540020964A /* FieldValidator.swift in Sources */ = {isa = PBXBuildFile; fileRef = 8E0D6E76233FAE540020964A /* FieldValidator.swift */; };
		8E0D6E79234961720020964A /* LoginViewController.swift in Sources */ = {isa = PBXBuildFile; fileRef = 8E0D6E78234961720020964A /* LoginViewController.swift */; };
		8E1CED1523522EDC0056A5EF /* OuiLiftTabBarController.swift in Sources */ = {isa = PBXBuildFile; fileRef = 8E1CED1423522EDC0056A5EF /* OuiLiftTabBarController.swift */; };
		8E44FC9D23A57F1800636066 /* HomeViewController.swift in Sources */ = {isa = PBXBuildFile; fileRef = 8E44FC9C23A57F1700636066 /* HomeViewController.swift */; };
		8E44FC9F23A6E94C00636066 /* DriverRouteListTableViewController.swift in Sources */ = {isa = PBXBuildFile; fileRef = 8E44FC9E23A6E94C00636066 /* DriverRouteListTableViewController.swift */; };
		8E44FCA123A6FC0A00636066 /* AddRouteViewController.swift in Sources */ = {isa = PBXBuildFile; fileRef = 8E44FCA023A6FC0A00636066 /* AddRouteViewController.swift */; };
		8E4DE13623BAAAA600651F00 /* AddCarViewController.swift in Sources */ = {isa = PBXBuildFile; fileRef = 8E4DE13523BAAAA600651F00 /* AddCarViewController.swift */; };
		8E63A1A122ECB40200D8BBFF /* BaseApi.swift in Sources */ = {isa = PBXBuildFile; fileRef = 8E63A1A022ECB40200D8BBFF /* BaseApi.swift */; };
		8E6CCD3A22FF345600347AEF /* RoutesTableViewController.swift in Sources */ = {isa = PBXBuildFile; fileRef = 8E6CCD3922FF345600347AEF /* RoutesTableViewController.swift */; };
		8E6DFC58233C332100A6BB8F /* CreateAccountViewController.swift in Sources */ = {isa = PBXBuildFile; fileRef = 8E6DFC57233C332100A6BB8F /* CreateAccountViewController.swift */; };
		8E766F1B23BA62260048A8EE /* CustomerCarsTableViewController.swift in Sources */ = {isa = PBXBuildFile; fileRef = 8E766F1A23BA62260048A8EE /* CustomerCarsTableViewController.swift */; };
		8E836932239C2D86008FFDEB /* MyAccountViewController.swift in Sources */ = {isa = PBXBuildFile; fileRef = 8E836931239C2D86008FFDEB /* MyAccountViewController.swift */; };
		8EDA7A4623270353000E5B66 /* SearchRoutesViewController.swift in Sources */ = {isa = PBXBuildFile; fileRef = 8EDA7A4523270353000E5B66 /* SearchRoutesViewController.swift */; };
		8EDA7A48232D6735000E5B66 /* RouteDetailViewController.swift in Sources */ = {isa = PBXBuildFile; fileRef = 8EDA7A47232D6735000E5B66 /* RouteDetailViewController.swift */; };
		8EE8313E22DA55F800F4BC72 /* AppDelegate.swift in Sources */ = {isa = PBXBuildFile; fileRef = 8EE8313D22DA55F800F4BC72 /* AppDelegate.swift */; };
		8EE8314022DA55F800F4BC72 /* ViewController.swift in Sources */ = {isa = PBXBuildFile; fileRef = 8EE8313F22DA55F800F4BC72 /* ViewController.swift */; };
		8EE8314322DA55F800F4BC72 /* Main.storyboard in Resources */ = {isa = PBXBuildFile; fileRef = 8EE8314122DA55F800F4BC72 /* Main.storyboard */; };
		8EE8314522DA55FB00F4BC72 /* Assets.xcassets in Resources */ = {isa = PBXBuildFile; fileRef = 8EE8314422DA55FB00F4BC72 /* Assets.xcassets */; };
		8EE8314822DA55FB00F4BC72 /* LaunchScreen.storyboard in Resources */ = {isa = PBXBuildFile; fileRef = 8EE8314622DA55FB00F4BC72 /* LaunchScreen.storyboard */; };
		8EE8315322DA55FC00F4BC72 /* ouiliftTests.swift in Sources */ = {isa = PBXBuildFile; fileRef = 8EE8315222DA55FC00F4BC72 /* ouiliftTests.swift */; };
		8EE8315E22DA55FC00F4BC72 /* ouiliftUITests.swift in Sources */ = {isa = PBXBuildFile; fileRef = 8EE8315D22DA55FC00F4BC72 /* ouiliftUITests.swift */; };
		8EEC0DE2235BBF410053E897 /* CustomerRouteListTableViewController.swift in Sources */ = {isa = PBXBuildFile; fileRef = 8EEC0DE1235BBF410053E897 /* CustomerRouteListTableViewController.swift */; };
		8EEC0DE4235BD0910053E897 /* ReservationDetailViewController.swift in Sources */ = {isa = PBXBuildFile; fileRef = 8EEC0DE3235BD0900053E897 /* ReservationDetailViewController.swift */; };
		8EEC0DE82363F06D0053E897 /* SearchStationTableViewController.swift in Sources */ = {isa = PBXBuildFile; fileRef = 8EEC0DE72363F06D0053E897 /* SearchStationTableViewController.swift */; };
		8EEC0DEC2364FB550053E897 /* DatePickerViewController.swift in Sources */ = {isa = PBXBuildFile; fileRef = 8EEC0DEB2364FB550053E897 /* DatePickerViewController.swift */; };
/* End PBXBuildFile section */

/* Begin PBXContainerItemProxy section */
		8EE8314F22DA55FC00F4BC72 /* PBXContainerItemProxy */ = {
			isa = PBXContainerItemProxy;
			containerPortal = 8EE8313222DA55F800F4BC72 /* Project object */;
			proxyType = 1;
			remoteGlobalIDString = 8EE8313922DA55F800F4BC72;
			remoteInfo = ouilift;
		};
		8EE8315A22DA55FC00F4BC72 /* PBXContainerItemProxy */ = {
			isa = PBXContainerItemProxy;
			containerPortal = 8EE8313222DA55F800F4BC72 /* Project object */;
			proxyType = 1;
			remoteGlobalIDString = 8EE8313922DA55F800F4BC72;
			remoteInfo = ouilift;
		};
/* End PBXContainerItemProxy section */

/* Begin PBXFileReference section */
		8E0D6E76233FAE540020964A /* FieldValidator.swift */ = {isa = PBXFileReference; lastKnownFileType = sourcecode.swift; path = FieldValidator.swift; sourceTree = "<group>"; };
		8E0D6E78234961720020964A /* LoginViewController.swift */ = {isa = PBXFileReference; lastKnownFileType = sourcecode.swift; path = LoginViewController.swift; sourceTree = "<group>"; };
		8E1CED1423522EDC0056A5EF /* OuiLiftTabBarController.swift */ = {isa = PBXFileReference; lastKnownFileType = sourcecode.swift; path = OuiLiftTabBarController.swift; sourceTree = "<group>"; };
		8E44FC9C23A57F1700636066 /* HomeViewController.swift */ = {isa = PBXFileReference; lastKnownFileType = sourcecode.swift; path = HomeViewController.swift; sourceTree = "<group>"; };
		8E44FC9E23A6E94C00636066 /* DriverRouteListTableViewController.swift */ = {isa = PBXFileReference; lastKnownFileType = sourcecode.swift; path = DriverRouteListTableViewController.swift; sourceTree = "<group>"; };
		8E44FCA023A6FC0A00636066 /* AddRouteViewController.swift */ = {isa = PBXFileReference; lastKnownFileType = sourcecode.swift; path = AddRouteViewController.swift; sourceTree = "<group>"; };
		8E4DE13523BAAAA600651F00 /* AddCarViewController.swift */ = {isa = PBXFileReference; lastKnownFileType = sourcecode.swift; path = AddCarViewController.swift; sourceTree = "<group>"; };
		8E63A1A022ECB40200D8BBFF /* BaseApi.swift */ = {isa = PBXFileReference; lastKnownFileType = sourcecode.swift; path = BaseApi.swift; sourceTree = "<group>"; };
		8E6CCD3922FF345600347AEF /* RoutesTableViewController.swift */ = {isa = PBXFileReference; lastKnownFileType = sourcecode.swift; path = RoutesTableViewController.swift; sourceTree = "<group>"; };
		8E6DFC57233C332100A6BB8F /* CreateAccountViewController.swift */ = {isa = PBXFileReference; lastKnownFileType = sourcecode.swift; path = CreateAccountViewController.swift; sourceTree = "<group>"; };
		8E766F1A23BA62260048A8EE /* CustomerCarsTableViewController.swift */ = {isa = PBXFileReference; lastKnownFileType = sourcecode.swift; path = CustomerCarsTableViewController.swift; sourceTree = "<group>"; };
		8E836931239C2D86008FFDEB /* MyAccountViewController.swift */ = {isa = PBXFileReference; lastKnownFileType = sourcecode.swift; path = MyAccountViewController.swift; sourceTree = "<group>"; };
		8EDA7A4523270353000E5B66 /* SearchRoutesViewController.swift */ = {isa = PBXFileReference; lastKnownFileType = sourcecode.swift; path = SearchRoutesViewController.swift; sourceTree = "<group>"; };
		8EDA7A47232D6735000E5B66 /* RouteDetailViewController.swift */ = {isa = PBXFileReference; lastKnownFileType = sourcecode.swift; path = RouteDetailViewController.swift; sourceTree = "<group>"; };
		8EE8313A22DA55F800F4BC72 /* ouilift.app */ = {isa = PBXFileReference; explicitFileType = wrapper.application; includeInIndex = 0; path = ouilift.app; sourceTree = BUILT_PRODUCTS_DIR; };
		8EE8313D22DA55F800F4BC72 /* AppDelegate.swift */ = {isa = PBXFileReference; lastKnownFileType = sourcecode.swift; path = AppDelegate.swift; sourceTree = "<group>"; };
		8EE8313F22DA55F800F4BC72 /* ViewController.swift */ = {isa = PBXFileReference; lastKnownFileType = sourcecode.swift; path = ViewController.swift; sourceTree = "<group>"; };
		8EE8314222DA55F800F4BC72 /* Base */ = {isa = PBXFileReference; lastKnownFileType = file.storyboard; name = Base; path = Base.lproj/Main.storyboard; sourceTree = "<group>"; };
		8EE8314422DA55FB00F4BC72 /* Assets.xcassets */ = {isa = PBXFileReference; lastKnownFileType = folder.assetcatalog; path = Assets.xcassets; sourceTree = "<group>"; };
		8EE8314722DA55FB00F4BC72 /* Base */ = {isa = PBXFileReference; lastKnownFileType = file.storyboard; name = Base; path = Base.lproj/LaunchScreen.storyboard; sourceTree = "<group>"; };
		8EE8314922DA55FB00F4BC72 /* Info.plist */ = {isa = PBXFileReference; lastKnownFileType = text.plist.xml; path = Info.plist; sourceTree = "<group>"; };
		8EE8314E22DA55FC00F4BC72 /* ouiliftTests.xctest */ = {isa = PBXFileReference; explicitFileType = wrapper.cfbundle; includeInIndex = 0; path = ouiliftTests.xctest; sourceTree = BUILT_PRODUCTS_DIR; };
		8EE8315222DA55FC00F4BC72 /* ouiliftTests.swift */ = {isa = PBXFileReference; lastKnownFileType = sourcecode.swift; path = ouiliftTests.swift; sourceTree = "<group>"; };
		8EE8315422DA55FC00F4BC72 /* Info.plist */ = {isa = PBXFileReference; lastKnownFileType = text.plist.xml; path = Info.plist; sourceTree = "<group>"; };
		8EE8315922DA55FC00F4BC72 /* ouiliftUITests.xctest */ = {isa = PBXFileReference; explicitFileType = wrapper.cfbundle; includeInIndex = 0; path = ouiliftUITests.xctest; sourceTree = BUILT_PRODUCTS_DIR; };
		8EE8315D22DA55FC00F4BC72 /* ouiliftUITests.swift */ = {isa = PBXFileReference; lastKnownFileType = sourcecode.swift; path = ouiliftUITests.swift; sourceTree = "<group>"; };
		8EE8315F22DA55FC00F4BC72 /* Info.plist */ = {isa = PBXFileReference; lastKnownFileType = text.plist.xml; path = Info.plist; sourceTree = "<group>"; };
		8EEC0DE1235BBF410053E897 /* CustomerRouteListTableViewController.swift */ = {isa = PBXFileReference; lastKnownFileType = sourcecode.swift; path = CustomerRouteListTableViewController.swift; sourceTree = "<group>"; };
		8EEC0DE3235BD0900053E897 /* ReservationDetailViewController.swift */ = {isa = PBXFileReference; lastKnownFileType = sourcecode.swift; path = ReservationDetailViewController.swift; sourceTree = "<group>"; };
		8EEC0DE5235FE5370053E897 /* fr */ = {isa = PBXFileReference; lastKnownFileType = text.plist.strings; name = fr; path = fr.lproj/Main.strings; sourceTree = "<group>"; };
		8EEC0DE6235FE5370053E897 /* fr */ = {isa = PBXFileReference; lastKnownFileType = text.plist.strings; name = fr; path = fr.lproj/LaunchScreen.strings; sourceTree = "<group>"; };
		8EEC0DE72363F06D0053E897 /* SearchStationTableViewController.swift */ = {isa = PBXFileReference; lastKnownFileType = sourcecode.swift; path = SearchStationTableViewController.swift; sourceTree = "<group>"; };
		8EEC0DEB2364FB550053E897 /* DatePickerViewController.swift */ = {isa = PBXFileReference; lastKnownFileType = sourcecode.swift; path = DatePickerViewController.swift; sourceTree = "<group>"; };
/* End PBXFileReference section */

/* Begin PBXFrameworksBuildPhase section */
		8EE8313722DA55F800F4BC72 /* Frameworks */ = {
			isa = PBXFrameworksBuildPhase;
			buildActionMask = 2147483647;
			files = (
			);
			runOnlyForDeploymentPostprocessing = 0;
		};
		8EE8314B22DA55FC00F4BC72 /* Frameworks */ = {
			isa = PBXFrameworksBuildPhase;
			buildActionMask = 2147483647;
			files = (
			);
			runOnlyForDeploymentPostprocessing = 0;
		};
		8EE8315622DA55FC00F4BC72 /* Frameworks */ = {
			isa = PBXFrameworksBuildPhase;
			buildActionMask = 2147483647;
			files = (
			);
			runOnlyForDeploymentPostprocessing = 0;
		};
/* End PBXFrameworksBuildPhase section */

/* Begin PBXGroup section */
		8EE8313122DA55F800F4BC72 = {
			isa = PBXGroup;
			children = (
				8EE8313C22DA55F800F4BC72 /* ouilift */,
				8EE8315122DA55FC00F4BC72 /* ouiliftTests */,
				8EE8315C22DA55FC00F4BC72 /* ouiliftUITests */,
				8EE8313B22DA55F800F4BC72 /* Products */,
			);
			sourceTree = "<group>";
		};
		8EE8313B22DA55F800F4BC72 /* Products */ = {
			isa = PBXGroup;
			children = (
				8EE8313A22DA55F800F4BC72 /* ouilift.app */,
				8EE8314E22DA55FC00F4BC72 /* ouiliftTests.xctest */,
				8EE8315922DA55FC00F4BC72 /* ouiliftUITests.xctest */,
			);
			name = Products;
			sourceTree = "<group>";
		};
		8EE8313C22DA55F800F4BC72 /* ouilift */ = {
			isa = PBXGroup;
			children = (
				8EEC0DE1235BBF410053E897 /* CustomerRouteListTableViewController.swift */,
				8E44FC9E23A6E94C00636066 /* DriverRouteListTableViewController.swift */,
				8EE8313D22DA55F800F4BC72 /* AppDelegate.swift */,
				8EE8313F22DA55F800F4BC72 /* ViewController.swift */,
				8EE8314122DA55F800F4BC72 /* Main.storyboard */,
				8E4DE13523BAAAA600651F00 /* AddCarViewController.swift */,
				8E766F1A23BA62260048A8EE /* CustomerCarsTableViewController.swift */,
				8E44FCA023A6FC0A00636066 /* AddRouteViewController.swift */,
				8E44FC9C23A57F1700636066 /* HomeViewController.swift */,
				8E836931239C2D86008FFDEB /* MyAccountViewController.swift */,
				8EEC0DEB2364FB550053E897 /* DatePickerViewController.swift */,
				8EEC0DE72363F06D0053E897 /* SearchStationTableViewController.swift */,
				8E0D6E78234961720020964A /* LoginViewController.swift */,
				8E6DFC57233C332100A6BB8F /* CreateAccountViewController.swift */,
				8EDA7A4523270353000E5B66 /* SearchRoutesViewController.swift */,
				8E6CCD3922FF345600347AEF /* RoutesTableViewController.swift */,
				8EE8314422DA55FB00F4BC72 /* Assets.xcassets */,
				8EE8314622DA55FB00F4BC72 /* LaunchScreen.storyboard */,
				8EE8314922DA55FB00F4BC72 /* Info.plist */,
				8E63A1A022ECB40200D8BBFF /* BaseApi.swift */,
				8E0D6E76233FAE540020964A /* FieldValidator.swift */,
				8EDA7A47232D6735000E5B66 /* RouteDetailViewController.swift */,
				8E1CED1423522EDC0056A5EF /* OuiLiftTabBarController.swift */,
				8EEC0DE3235BD0900053E897 /* ReservationDetailViewController.swift */,
			);
			path = ouilift;
			sourceTree = "<group>";
		};
		8EE8315122DA55FC00F4BC72 /* ouiliftTests */ = {
			isa = PBXGroup;
			children = (
				8EE8315222DA55FC00F4BC72 /* ouiliftTests.swift */,
				8EE8315422DA55FC00F4BC72 /* Info.plist */,
			);
			path = ouiliftTests;
			sourceTree = "<group>";
		};
		8EE8315C22DA55FC00F4BC72 /* ouiliftUITests */ = {
			isa = PBXGroup;
			children = (
				8EE8315D22DA55FC00F4BC72 /* ouiliftUITests.swift */,
				8EE8315F22DA55FC00F4BC72 /* Info.plist */,
			);
			path = ouiliftUITests;
			sourceTree = "<group>";
		};
/* End PBXGroup section */

/* Begin PBXNativeTarget section */
		8EE8313922DA55F800F4BC72 /* ouilift */ = {
			isa = PBXNativeTarget;
			buildConfigurationList = 8EE8316222DA55FC00F4BC72 /* Build configuration list for PBXNativeTarget "ouilift" */;
			buildPhases = (
				8EE8313622DA55F800F4BC72 /* Sources */,
				8EE8313722DA55F800F4BC72 /* Frameworks */,
				8EE8313822DA55F800F4BC72 /* Resources */,
			);
			buildRules = (
			);
			dependencies = (
			);
			name = ouilift;
			productName = ouilift;
			productReference = 8EE8313A22DA55F800F4BC72 /* ouilift.app */;
			productType = "com.apple.product-type.application";
		};
		8EE8314D22DA55FC00F4BC72 /* ouiliftTests */ = {
			isa = PBXNativeTarget;
			buildConfigurationList = 8EE8316522DA55FC00F4BC72 /* Build configuration list for PBXNativeTarget "ouiliftTests" */;
			buildPhases = (
				8EE8314A22DA55FC00F4BC72 /* Sources */,
				8EE8314B22DA55FC00F4BC72 /* Frameworks */,
				8EE8314C22DA55FC00F4BC72 /* Resources */,
			);
			buildRules = (
			);
			dependencies = (
				8EE8315022DA55FC00F4BC72 /* PBXTargetDependency */,
			);
			name = ouiliftTests;
			productName = ouiliftTests;
			productReference = 8EE8314E22DA55FC00F4BC72 /* ouiliftTests.xctest */;
			productType = "com.apple.product-type.bundle.unit-test";
		};
		8EE8315822DA55FC00F4BC72 /* ouiliftUITests */ = {
			isa = PBXNativeTarget;
			buildConfigurationList = 8EE8316822DA55FC00F4BC72 /* Build configuration list for PBXNativeTarget "ouiliftUITests" */;
			buildPhases = (
				8EE8315522DA55FC00F4BC72 /* Sources */,
				8EE8315622DA55FC00F4BC72 /* Frameworks */,
				8EE8315722DA55FC00F4BC72 /* Resources */,
			);
			buildRules = (
			);
			dependencies = (
				8EE8315B22DA55FC00F4BC72 /* PBXTargetDependency */,
			);
			name = ouiliftUITests;
			productName = ouiliftUITests;
			productReference = 8EE8315922DA55FC00F4BC72 /* ouiliftUITests.xctest */;
			productType = "com.apple.product-type.bundle.ui-testing";
		};
/* End PBXNativeTarget section */

/* Begin PBXProject section */
		8EE8313222DA55F800F4BC72 /* Project object */ = {
			isa = PBXProject;
			attributes = {
				LastSwiftUpdateCheck = 1020;
				LastUpgradeCheck = 1020;
				ORGANIZATIONNAME = AwessoMeTech;
				TargetAttributes = {
					8EE8313922DA55F800F4BC72 = {
						CreatedOnToolsVersion = 10.2.1;
					};
					8EE8314D22DA55FC00F4BC72 = {
						CreatedOnToolsVersion = 10.2.1;
						TestTargetID = 8EE8313922DA55F800F4BC72;
					};
					8EE8315822DA55FC00F4BC72 = {
						CreatedOnToolsVersion = 10.2.1;
						TestTargetID = 8EE8313922DA55F800F4BC72;
					};
				};
			};
			buildConfigurationList = 8EE8313522DA55F800F4BC72 /* Build configuration list for PBXProject "ouilift" */;
			compatibilityVersion = "Xcode 9.3";
			developmentRegion = en;
			hasScannedForEncodings = 0;
			knownRegions = (
				en,
				Base,
				fr,
			);
			mainGroup = 8EE8313122DA55F800F4BC72;
			productRefGroup = 8EE8313B22DA55F800F4BC72 /* Products */;
			projectDirPath = "";
			projectRoot = "";
			targets = (
				8EE8313922DA55F800F4BC72 /* ouilift */,
				8EE8314D22DA55FC00F4BC72 /* ouiliftTests */,
				8EE8315822DA55FC00F4BC72 /* ouiliftUITests */,
			);
		};
/* End PBXProject section */

/* Begin PBXResourcesBuildPhase section */
		8EE8313822DA55F800F4BC72 /* Resources */ = {
			isa = PBXResourcesBuildPhase;
			buildActionMask = 2147483647;
			files = (
				8EE8314822DA55FB00F4BC72 /* LaunchScreen.storyboard in Resources */,
				8EE8314522DA55FB00F4BC72 /* Assets.xcassets in Resources */,
				8EE8314322DA55F800F4BC72 /* Main.storyboard in Resources */,
			);
			runOnlyForDeploymentPostprocessing = 0;
		};
		8EE8314C22DA55FC00F4BC72 /* Resources */ = {
			isa = PBXResourcesBuildPhase;
			buildActionMask = 2147483647;
			files = (
			);
			runOnlyForDeploymentPostprocessing = 0;
		};
		8EE8315722DA55FC00F4BC72 /* Resources */ = {
			isa = PBXResourcesBuildPhase;
			buildActionMask = 2147483647;
			files = (
			);
			runOnlyForDeploymentPostprocessing = 0;
		};
/* End PBXResourcesBuildPhase section */

/* Begin PBXSourcesBuildPhase section */
		8EE8313622DA55F800F4BC72 /* Sources */ = {
			isa = PBXSourcesBuildPhase;
			buildActionMask = 2147483647;
			files = (
				8E0D6E79234961720020964A /* LoginViewController.swift in Sources */,
				8E6DFC58233C332100A6BB8F /* CreateAccountViewController.swift in Sources */,
				8E836932239C2D86008FFDEB /* MyAccountViewController.swift in Sources */,
				8EEC0DEC2364FB550053E897 /* DatePickerViewController.swift in Sources */,
				8EEC0DE82363F06D0053E897 /* SearchStationTableViewController.swift in Sources */,
				8E766F1B23BA62260048A8EE /* CustomerCarsTableViewController.swift in Sources */,
				8E1CED1523522EDC0056A5EF /* OuiLiftTabBarController.swift in Sources */,
				8E4DE13623BAAAA600651F00 /* AddCarViewController.swift in Sources */,
				8E0D6E77233FAE540020964A /* FieldValidator.swift in Sources */,
				8EEC0DE4235BD0910053E897 /* ReservationDetailViewController.swift in Sources */,
				8EE8314022DA55F800F4BC72 /* ViewController.swift in Sources */,
				8EDA7A48232D6735000E5B66 /* RouteDetailViewController.swift in Sources */,
				8E63A1A122ECB40200D8BBFF /* BaseApi.swift in Sources */,
				8E44FC9D23A57F1800636066 /* HomeViewController.swift in Sources */,
				8EEC0DE2235BBF410053E897 /* CustomerRouteListTableViewController.swift in Sources */,
				8EDA7A4623270353000E5B66 /* SearchRoutesViewController.swift in Sources */,
				8EE8313E22DA55F800F4BC72 /* AppDelegate.swift in Sources */,
				8E44FC9F23A6E94C00636066 /* DriverRouteListTableViewController.swift in Sources */,
				8E44FCA123A6FC0A00636066 /* AddRouteViewController.swift in Sources */,
				8E6CCD3A22FF345600347AEF /* RoutesTableViewController.swift in Sources */,
			);
			runOnlyForDeploymentPostprocessing = 0;
		};
		8EE8314A22DA55FC00F4BC72 /* Sources */ = {
			isa = PBXSourcesBuildPhase;
			buildActionMask = 2147483647;
			files = (
				8EE8315322DA55FC00F4BC72 /* ouiliftTests.swift in Sources */,
			);
			runOnlyForDeploymentPostprocessing = 0;
		};
		8EE8315522DA55FC00F4BC72 /* Sources */ = {
			isa = PBXSourcesBuildPhase;
			buildActionMask = 2147483647;
			files = (
				8EE8315E22DA55FC00F4BC72 /* ouiliftUITests.swift in Sources */,
			);
			runOnlyForDeploymentPostprocessing = 0;
		};
/* End PBXSourcesBuildPhase section */

/* Begin PBXTargetDependency section */
		8EE8315022DA55FC00F4BC72 /* PBXTargetDependency */ = {
			isa = PBXTargetDependency;
			target = 8EE8313922DA55F800F4BC72 /* ouilift */;
			targetProxy = 8EE8314F22DA55FC00F4BC72 /* PBXContainerItemProxy */;
		};
		8EE8315B22DA55FC00F4BC72 /* PBXTargetDependency */ = {
			isa = PBXTargetDependency;
			target = 8EE8313922DA55F800F4BC72 /* ouilift */;
			targetProxy = 8EE8315A22DA55FC00F4BC72 /* PBXContainerItemProxy */;
		};
/* End PBXTargetDependency section */

/* Begin PBXVariantGroup section */
		8EE8314122DA55F800F4BC72 /* Main.storyboard */ = {
			isa = PBXVariantGroup;
			children = (
				8EE8314222DA55F800F4BC72 /* Base */,
				8EEC0DE5235FE5370053E897 /* fr */,
			);
			name = Main.storyboard;
			sourceTree = "<group>";
		};
		8EE8314622DA55FB00F4BC72 /* LaunchScreen.storyboard */ = {
			isa = PBXVariantGroup;
			children = (
				8EE8314722DA55FB00F4BC72 /* Base */,
				8EEC0DE6235FE5370053E897 /* fr */,
			);
			name = LaunchScreen.storyboard;
			sourceTree = "<group>";
		};
/* End PBXVariantGroup section */

/* Begin XCBuildConfiguration section */
		8EE8316022DA55FC00F4BC72 /* Debug */ = {
			isa = XCBuildConfiguration;
			buildSettings = {
				ALWAYS_SEARCH_USER_PATHS = NO;
				CLANG_ANALYZER_LOCALIZABILITY_NONLOCALIZED = YES;
				CLANG_ANALYZER_NONNULL = YES;
				CLANG_ANALYZER_NUMBER_OBJECT_CONVERSION = YES_AGGRESSIVE;
				CLANG_CXX_LANGUAGE_STANDARD = "gnu++14";
				CLANG_CXX_LIBRARY = "libc++";
				CLANG_ENABLE_MODULES = YES;
				CLANG_ENABLE_OBJC_ARC = YES;
				CLANG_ENABLE_OBJC_WEAK = YES;
				CLANG_WARN_BLOCK_CAPTURE_AUTORELEASING = YES;
				CLANG_WARN_BOOL_CONVERSION = YES;
				CLANG_WARN_COMMA = YES;
				CLANG_WARN_CONSTANT_CONVERSION = YES;
				CLANG_WARN_DEPRECATED_OBJC_IMPLEMENTATIONS = YES;
				CLANG_WARN_DIRECT_OBJC_ISA_USAGE = YES_ERROR;
				CLANG_WARN_DOCUMENTATION_COMMENTS = YES;
				CLANG_WARN_EMPTY_BODY = YES;
				CLANG_WARN_ENUM_CONVERSION = YES;
				CLANG_WARN_INFINITE_RECURSION = YES;
				CLANG_WARN_INT_CONVERSION = YES;
				CLANG_WARN_NON_LITERAL_NULL_CONVERSION = YES;
				CLANG_WARN_OBJC_IMPLICIT_RETAIN_SELF = YES;
				CLANG_WARN_OBJC_LITERAL_CONVERSION = YES;
				CLANG_WARN_OBJC_ROOT_CLASS = YES_ERROR;
				CLANG_WARN_RANGE_LOOP_ANALYSIS = YES;
				CLANG_WARN_STRICT_PROTOTYPES = YES;
				CLANG_WARN_SUSPICIOUS_MOVE = YES;
				CLANG_WARN_UNGUARDED_AVAILABILITY = YES_AGGRESSIVE;
				CLANG_WARN_UNREACHABLE_CODE = YES;
				CLANG_WARN__DUPLICATE_METHOD_MATCH = YES;
				CODE_SIGN_IDENTITY = "iPhone Developer";
				COPY_PHASE_STRIP = NO;
				DEBUG_INFORMATION_FORMAT = dwarf;
				ENABLE_STRICT_OBJC_MSGSEND = YES;
				ENABLE_TESTABILITY = YES;
				GCC_C_LANGUAGE_STANDARD = gnu11;
				GCC_DYNAMIC_NO_PIC = NO;
				GCC_NO_COMMON_BLOCKS = YES;
				GCC_OPTIMIZATION_LEVEL = 0;
				GCC_PREPROCESSOR_DEFINITIONS = (
					"DEBUG=1",
					"$(inherited)",
				);
				GCC_WARN_64_TO_32_BIT_CONVERSION = YES;
				GCC_WARN_ABOUT_RETURN_TYPE = YES_ERROR;
				GCC_WARN_UNDECLARED_SELECTOR = YES;
				GCC_WARN_UNINITIALIZED_AUTOS = YES_AGGRESSIVE;
				GCC_WARN_UNUSED_FUNCTION = YES;
				GCC_WARN_UNUSED_VARIABLE = YES;
				IPHONEOS_DEPLOYMENT_TARGET = 12.2;
				MTL_ENABLE_DEBUG_INFO = INCLUDE_SOURCE;
				MTL_FAST_MATH = YES;
				ONLY_ACTIVE_ARCH = YES;
				SDKROOT = iphoneos;
				SWIFT_ACTIVE_COMPILATION_CONDITIONS = DEBUG;
				SWIFT_OPTIMIZATION_LEVEL = "-Onone";
			};
			name = Debug;
		};
		8EE8316122DA55FC00F4BC72 /* Release */ = {
			isa = XCBuildConfiguration;
			buildSettings = {
				ALWAYS_SEARCH_USER_PATHS = NO;
				CLANG_ANALYZER_LOCALIZABILITY_NONLOCALIZED = YES;
				CLANG_ANALYZER_NONNULL = YES;
				CLANG_ANALYZER_NUMBER_OBJECT_CONVERSION = YES_AGGRESSIVE;
				CLANG_CXX_LANGUAGE_STANDARD = "gnu++14";
				CLANG_CXX_LIBRARY = "libc++";
				CLANG_ENABLE_MODULES = YES;
				CLANG_ENABLE_OBJC_ARC = YES;
				CLANG_ENABLE_OBJC_WEAK = YES;
				CLANG_WARN_BLOCK_CAPTURE_AUTORELEASING = YES;
				CLANG_WARN_BOOL_CONVERSION = YES;
				CLANG_WARN_COMMA = YES;
				CLANG_WARN_CONSTANT_CONVERSION = YES;
				CLANG_WARN_DEPRECATED_OBJC_IMPLEMENTATIONS = YES;
				CLANG_WARN_DIRECT_OBJC_ISA_USAGE = YES_ERROR;
				CLANG_WARN_DOCUMENTATION_COMMENTS = YES;
				CLANG_WARN_EMPTY_BODY = YES;
				CLANG_WARN_ENUM_CONVERSION = YES;
				CLANG_WARN_INFINITE_RECURSION = YES;
				CLANG_WARN_INT_CONVERSION = YES;
				CLANG_WARN_NON_LITERAL_NULL_CONVERSION = YES;
				CLANG_WARN_OBJC_IMPLICIT_RETAIN_SELF = YES;
				CLANG_WARN_OBJC_LITERAL_CONVERSION = YES;
				CLANG_WARN_OBJC_ROOT_CLASS = YES_ERROR;
				CLANG_WARN_RANGE_LOOP_ANALYSIS = YES;
				CLANG_WARN_STRICT_PROTOTYPES = YES;
				CLANG_WARN_SUSPICIOUS_MOVE = YES;
				CLANG_WARN_UNGUARDED_AVAILABILITY = YES_AGGRESSIVE;
				CLANG_WARN_UNREACHABLE_CODE = YES;
				CLANG_WARN__DUPLICATE_METHOD_MATCH = YES;
				CODE_SIGN_IDENTITY = "iPhone Developer";
				COPY_PHASE_STRIP = NO;
				DEBUG_INFORMATION_FORMAT = "dwarf-with-dsym";
				ENABLE_NS_ASSERTIONS = NO;
				ENABLE_STRICT_OBJC_MSGSEND = YES;
				GCC_C_LANGUAGE_STANDARD = gnu11;
				GCC_NO_COMMON_BLOCKS = YES;
				GCC_WARN_64_TO_32_BIT_CONVERSION = YES;
				GCC_WARN_ABOUT_RETURN_TYPE = YES_ERROR;
				GCC_WARN_UNDECLARED_SELECTOR = YES;
				GCC_WARN_UNINITIALIZED_AUTOS = YES_AGGRESSIVE;
				GCC_WARN_UNUSED_FUNCTION = YES;
				GCC_WARN_UNUSED_VARIABLE = YES;
				IPHONEOS_DEPLOYMENT_TARGET = 12.2;
				MTL_ENABLE_DEBUG_INFO = NO;
				MTL_FAST_MATH = YES;
				SDKROOT = iphoneos;
				SWIFT_COMPILATION_MODE = wholemodule;
				SWIFT_OPTIMIZATION_LEVEL = "-O";
				VALIDATE_PRODUCT = YES;
			};
			name = Release;
		};
		8EE8316322DA55FC00F4BC72 /* Debug */ = {
			isa = XCBuildConfiguration;
			buildSettings = {
				ASSETCATALOG_COMPILER_APPICON_NAME = AppIcon;
				CODE_SIGN_STYLE = Automatic;
				DEVELOPMENT_TEAM = CT546MLB7S;
				INFOPLIST_FILE = ouilift/Info.plist;
				LD_RUNPATH_SEARCH_PATHS = (
					"$(inherited)",
					"@executable_path/Frameworks",
				);
				PRODUCT_BUNDLE_IDENTIFIER = com.awessometech.ouilift;
				PRODUCT_NAME = "$(TARGET_NAME)";
				SWIFT_VERSION = 5.0;
				TARGETED_DEVICE_FAMILY = "1,2";
			};
			name = Debug;
		};
		8EE8316422DA55FC00F4BC72 /* Release */ = {
			isa = XCBuildConfiguration;
			buildSettings = {
				ASSETCATALOG_COMPILER_APPICON_NAME = AppIcon;
				CODE_SIGN_STYLE = Automatic;
				DEVELOPMENT_TEAM = CT546MLB7S;
				INFOPLIST_FILE = ouilift/Info.plist;
				LD_RUNPATH_SEARCH_PATHS = (
					"$(inherited)",
					"@executable_path/Frameworks",
				);
				PRODUCT_BUNDLE_IDENTIFIER = com.awessometech.ouilift;
				PRODUCT_NAME = "$(TARGET_NAME)";
				SWIFT_VERSION = 5.0;
				TARGETED_DEVICE_FAMILY = "1,2";
			};
			name = Release;
		};
		8EE8316622DA55FC00F4BC72 /* Debug */ = {
			isa = XCBuildConfiguration;
			buildSettings = {
				ALWAYS_EMBED_SWIFT_STANDARD_LIBRARIES = YES;
				BUNDLE_LOADER = "$(TEST_HOST)";
				CODE_SIGN_STYLE = Automatic;
				INFOPLIST_FILE = ouiliftTests/Info.plist;
				LD_RUNPATH_SEARCH_PATHS = (
					"$(inherited)",
					"@executable_path/Frameworks",
					"@loader_path/Frameworks",
				);
				PRODUCT_BUNDLE_IDENTIFIER = com.awessometech.ouiliftTests;
				PRODUCT_NAME = "$(TARGET_NAME)";
				SWIFT_VERSION = 5.0;
				TARGETED_DEVICE_FAMILY = "1,2";
				TEST_HOST = "$(BUILT_PRODUCTS_DIR)/ouilift.app/ouilift";
			};
			name = Debug;
		};
		8EE8316722DA55FC00F4BC72 /* Release */ = {
			isa = XCBuildConfiguration;
			buildSettings = {
				ALWAYS_EMBED_SWIFT_STANDARD_LIBRARIES = YES;
				BUNDLE_LOADER = "$(TEST_HOST)";
				CODE_SIGN_STYLE = Automatic;
				INFOPLIST_FILE = ouiliftTests/Info.plist;
				LD_RUNPATH_SEARCH_PATHS = (
					"$(inherited)",
					"@executable_path/Frameworks",
					"@loader_path/Frameworks",
				);
				PRODUCT_BUNDLE_IDENTIFIER = com.awessometech.ouiliftTests;
				PRODUCT_NAME = "$(TARGET_NAME)";
				SWIFT_VERSION = 5.0;
				TARGETED_DEVICE_FAMILY = "1,2";
				TEST_HOST = "$(BUILT_PRODUCTS_DIR)/ouilift.app/ouilift";
			};
			name = Release;
		};
		8EE8316922DA55FC00F4BC72 /* Debug */ = {
			isa = XCBuildConfiguration;
			buildSettings = {
				ALWAYS_EMBED_SWIFT_STANDARD_LIBRARIES = YES;
				CODE_SIGN_STYLE = Automatic;
				INFOPLIST_FILE = ouiliftUITests/Info.plist;
				LD_RUNPATH_SEARCH_PATHS = (
					"$(inherited)",
					"@executable_path/Frameworks",
					"@loader_path/Frameworks",
				);
				PRODUCT_BUNDLE_IDENTIFIER = com.awessometech.ouiliftUITests;
				PRODUCT_NAME = "$(TARGET_NAME)";
				SWIFT_VERSION = 5.0;
				TARGETED_DEVICE_FAMILY = "1,2";
				TEST_TARGET_NAME = ouilift;
			};
			name = Debug;
		};
		8EE8316A22DA55FC00F4BC72 /* Release */ = {
			isa = XCBuildConfiguration;
			buildSettings = {
				ALWAYS_EMBED_SWIFT_STANDARD_LIBRARIES = YES;
				CODE_SIGN_STYLE = Automatic;
				INFOPLIST_FILE = ouiliftUITests/Info.plist;
				LD_RUNPATH_SEARCH_PATHS = (
					"$(inherited)",
					"@executable_path/Frameworks",
					"@loader_path/Frameworks",
				);
				PRODUCT_BUNDLE_IDENTIFIER = com.awessometech.ouiliftUITests;
				PRODUCT_NAME = "$(TARGET_NAME)";
				SWIFT_VERSION = 5.0;
				TARGETED_DEVICE_FAMILY = "1,2";
				TEST_TARGET_NAME = ouilift;
			};
			name = Release;
		};
/* End XCBuildConfiguration section */

/* Begin XCConfigurationList section */
		8EE8313522DA55F800F4BC72 /* Build configuration list for PBXProject "ouilift" */ = {
			isa = XCConfigurationList;
			buildConfigurations = (
				8EE8316022DA55FC00F4BC72 /* Debug */,
				8EE8316122DA55FC00F4BC72 /* Release */,
			);
			defaultConfigurationIsVisible = 0;
			defaultConfigurationName = Release;
		};
		8EE8316222DA55FC00F4BC72 /* Build configuration list for PBXNativeTarget "ouilift" */ = {
			isa = XCConfigurationList;
			buildConfigurations = (
				8EE8316322DA55FC00F4BC72 /* Debug */,
				8EE8316422DA55FC00F4BC72 /* Release */,
			);
			defaultConfigurationIsVisible = 0;
			defaultConfigurationName = Release;
		};
		8EE8316522DA55FC00F4BC72 /* Build configuration list for PBXNativeTarget "ouiliftTests" */ = {
			isa = XCConfigurationList;
			buildConfigurations = (
				8EE8316622DA55FC00F4BC72 /* Debug */,
				8EE8316722DA55FC00F4BC72 /* Release */,
			);
			defaultConfigurationIsVisible = 0;
			defaultConfigurationName = Release;
		};
		8EE8316822DA55FC00F4BC72 /* Build configuration list for PBXNativeTarget "ouiliftUITests" */ = {
			isa = XCConfigurationList;
			buildConfigurations = (
				8EE8316922DA55FC00F4BC72 /* Debug */,
				8EE8316A22DA55FC00F4BC72 /* Release */,
			);
			defaultConfigurationIsVisible = 0;
			defaultConfigurationName = Release;
		};
/* End XCConfigurationList section */
	};
	rootObject = 8EE8313222DA55F800F4BC72 /* Project object */;
}
